
Microsoft Visual Studio Solution File, Format Version 12.00
# Visual Studio 15
VisualStudioVersion = 15.0.27130.2036
MinimumVisualStudioVersion = 10.0.40219.1
Project("{FAE04EC0-301F-11D3-BF4B-00C04F79EFBC}") = "EFCodeFirstCursus", "EFCodeFirstCursus.csproj", "{CFAA3B5F-89D9-4F5A-B611-3DE81A70321A}"
EndProject
Global
	GlobalSection(SolutionConfigurationPlatforms) = preSolution
		Debug|Any CPU = Debug|Any CPU
		Release|Any CPU = Release|Any CPU
	EndGlobalSection
	GlobalSection(ProjectConfigurationPlatforms) = postSolution
		{CFAA3B5F-89D9-4F5A-B611-3DE81A70321A}.Debug|Any CPU.ActiveCfg = Debug|Any CPU
		{CFAA3B5F-89D9-4F5A-B611-3DE81A70321A}.Debug|Any CPU.Build.0 = Debug|Any CPU
		{CFAA3B5F-89D9-4F5A-B611-3DE81A70321A}.Release|Any CPU.ActiveCfg = Release|Any CPU
		{CFAA3B5F-89D9-4F5A-B611-3DE81A70321A}.Release|Any CPU.Build.0 = Release|Any CPU
	EndGlobalSection
	GlobalSection(SolutionProperties) = preSolution
		HideSolutionNode = FALSE
	EndGlobalSection
	GlobalSection(ExtensibilityGlobals) = postSolution
		SolutionGuid = {6FA2006F-97CD-41A2-AB71-4313557D2041}
	EndGlobalSection
EndGlobal
